
Microsoft Visual Studio Solution File, Format Version 12.00
# Visual Studio Version 16
VisualStudioVersion = 16.0.31129.286
MinimumVisualStudioVersion = 10.0.40219.1
Project("{8BC9CEB8-8B4A-11D0-8D11-00A0C91BC942}") = "Week4-3-1", "Week4-3-1\Week4-3-1.vcxproj", "{051BCE0D-51D9-467A-BF32-D075F6B0E827}"
EndProject
Global
	GlobalSection(SolutionConfigurationPlatforms) = preSolution
		Debug|x64 = Debug|x64
		Debug|x86 = Debug|x86
		Release|x64 = Release|x64
		Release|x86 = Release|x86
	EndGlobalSection
	GlobalSection(ProjectConfigurationPlatforms) = postSolution
		{051BCE0D-51D9-467A-BF32-D075F6B0E827}.Debug|x64.ActiveCfg = Debug|x64
		{051BCE0D-51D9-467A-BF32-D075F6B0E827}.Debug|x64.Build.0 = Debug|x64
		{051BCE0D-51D9-467A-BF32-D075F6B0E827}.Debug|x86.ActiveCfg = Debug|Win32
		{051BCE0D-51D9-467A-BF32-D075F6B0E827}.Debug|x86.Build.0 = Debug|Win32
		{051BCE0D-51D9-467A-BF32-D075F6B0E827}.Release|x64.ActiveCfg = Release|x64
		{051BCE0D-51D9-467A-BF32-D075F6B0E827}.Release|x64.Build.0 = Release|x64
		{051BCE0D-51D9-467A-BF32-D075F6B0E827}.Release|x86.ActiveCfg = Release|Win32
		{051BCE0D-51D9-467A-BF32-D075F6B0E827}.Release|x86.Build.0 = Release|Win32
	EndGlobalSection
	GlobalSection(SolutionProperties) = preSolution
		HideSolutionNode = FALSE
	EndGlobalSection
	GlobalSection(ExtensibilityGlobals) = postSolution
		SolutionGuid = {951309AC-D748-411C-81A0-0046E03604BF}
	EndGlobalSection
EndGlobal
